
Microsoft Visual Studio Solution File, Format Version 12.00
# Visual Studio Version 16
VisualStudioVersion = 16.0.29411.108
MinimumVisualStudioVersion = 10.0.40219.1
Project("{FAE04EC0-301F-11D3-BF4B-00C04F79EFBC}") = "Classes", "Classes\Classes.csproj", "{49FA4276-FCB2-4867-AD92-7E5E977A9865}"
EndProject
Project("{FAE04EC0-301F-11D3-BF4B-00C04F79EFBC}") = "ClassesTests", "Classes.Tests\ClassesTests.csproj", "{EE70E139-CC82-47ED-889D-9EB0C6DA3F15}"
EndProject
Global
	GlobalSection(SolutionConfigurationPlatforms) = preSolution
		Debug|Any CPU = Debug|Any CPU
		Release|Any CPU = Release|Any CPU
	EndGlobalSection
	GlobalSection(ProjectConfigurationPlatforms) = postSolution
		{49FA4276-FCB2-4867-AD92-7E5E977A9865}.Debug|Any CPU.ActiveCfg = Debug|Any CPU
		{49FA4276-FCB2-4867-AD92-7E5E977A9865}.Debug|Any CPU.Build.0 = Debug|Any CPU
		{49FA4276-FCB2-4867-AD92-7E5E977A9865}.Release|Any CPU.ActiveCfg = Release|Any CPU
		{49FA4276-FCB2-4867-AD92-7E5E977A9865}.Release|Any CPU.Build.0 = Release|Any CPU
		{EE70E139-CC82-47ED-889D-9EB0C6DA3F15}.Debug|Any CPU.ActiveCfg = Debug|Any CPU
		{EE70E139-CC82-47ED-889D-9EB0C6DA3F15}.Debug|Any CPU.Build.0 = Debug|Any CPU
		{EE70E139-CC82-47ED-889D-9EB0C6DA3F15}.Release|Any CPU.ActiveCfg = Release|Any CPU
		{EE70E139-CC82-47ED-889D-9EB0C6DA3F15}.Release|Any CPU.Build.0 = Release|Any CPU
	EndGlobalSection
	GlobalSection(SolutionProperties) = preSolution
		HideSolutionNode = FALSE
	EndGlobalSection
	GlobalSection(ExtensibilityGlobals) = postSolution
		SolutionGuid = {3F2F464F-C637-424F-9E95-F8AC08FD2096}
	EndGlobalSection
EndGlobal
